{
  "name": "test",
  "version": "1.0.0",
  "lockfileVersion": 2,
  "requires": true,
  "packages": {
    "": {
      "name": "test",
      "version": "1.0.0",
      "license": "ISC",
      "dependencies": {
        "ghani-salman": "^1.0.0"
      }
    },
    "node_modules/ghani-salman": {
      "version": "1.0.0",
      "resolved": "https://registry.npmjs.org/ghani-salman/-/ghani-salman-1.0.0.tgz",
      "integrity": "sha512-W1uRJiCG2Hmc5jQIZoJyoUKggTzPr55G1F8m8hqnh86jvUavAFDdLvFmoTICB76pQT+WnmvrPwdf8pDFu9fZ9Q=="
    }
  },
  "dependencies": {
    "ghani-salman": {
      "version": "1.0.0",
      "resolved": "https://registry.npmjs.org/ghani-salman/-/ghani-salman-1.0.0.tgz",
      "integrity": "sha512-W1uRJiCG2Hmc5jQIZoJyoUKggTzPr55G1F8m8hqnh86jvUavAFDdLvFmoTICB76pQT+WnmvrPwdf8pDFu9fZ9Q=="
    }
  }
}
