{
  "name": "test_module",
  "version": "1.0.0",
  "lockfileVersion": 2,
  "requires": true,
  "packages": {
    "": {
      "name": "test_module",
      "version": "1.0.0",
      "license": "ISC",
      "dependencies": {
        "academy-salman": "^1.0.0"
      }
    },
    "node_modules/academy-salman": {
      "version": "1.0.0",
      "resolved": "https://registry.npmjs.org/academy-salman/-/academy-salman-1.0.0.tgz",
      "integrity": "sha512-dtw+hoCCY0jnoEvdtaEFiI3OKi0WynbkoPomwwlmH8FHYsyrCHchgooo4N2LtWO2OHJ4/fJXRRxpAv5gLYKU6g=="
    }
  },
  "dependencies": {
    "academy-salman": {
      "version": "1.0.0",
      "resolved": "https://registry.npmjs.org/academy-salman/-/academy-salman-1.0.0.tgz",
      "integrity": "sha512-dtw+hoCCY0jnoEvdtaEFiI3OKi0WynbkoPomwwlmH8FHYsyrCHchgooo4N2LtWO2OHJ4/fJXRRxpAv5gLYKU6g=="
    }
  }
}
